
Microsoft Visual Studio Solution File, Format Version 12.00
# Visual Studio Version 17
VisualStudioVersion = 17.3.32929.385
MinimumVisualStudioVersion = 10.0.40219.1
Project("{FAE04EC0-301F-11D3-BF4B-00C04F79EFBC}") = "ordenacao", "ordenacao\ordenacao.csproj", "{A214A31E-4A6B-4E49-A8F2-F5229952D2F5}"
EndProject
Project("{2150E333-8FDC-42A3-9474-1A3956D46DE8}") = "Solution Items", "Solution Items", "{7073C39C-1FA6-4D70-881E-4A7F139F4590}"
	ProjectSection(SolutionItems) = preProject
		.editorconfig = .editorconfig
	EndProjectSection
EndProject
Global
	GlobalSection(SolutionConfigurationPlatforms) = preSolution
		Debug|Any CPU = Debug|Any CPU
		Release|Any CPU = Release|Any CPU
	EndGlobalSection
	GlobalSection(ProjectConfigurationPlatforms) = postSolution
		{A214A31E-4A6B-4E49-A8F2-F5229952D2F5}.Debug|Any CPU.ActiveCfg = Debug|Any CPU
		{A214A31E-4A6B-4E49-A8F2-F5229952D2F5}.Debug|Any CPU.Build.0 = Debug|Any CPU
		{A214A31E-4A6B-4E49-A8F2-F5229952D2F5}.Release|Any CPU.ActiveCfg = Release|Any CPU
		{A214A31E-4A6B-4E49-A8F2-F5229952D2F5}.Release|Any CPU.Build.0 = Release|Any CPU
	EndGlobalSection
	GlobalSection(SolutionProperties) = preSolution
		HideSolutionNode = FALSE
	EndGlobalSection
	GlobalSection(ExtensibilityGlobals) = postSolution
		SolutionGuid = {38A80A99-AA2C-4825-A71C-8BD5F32C080E}
	EndGlobalSection
EndGlobal
